// !$*UTF8*$!
{
	archiveVersion = 1;
	classes = {
	};
	objectVersion = 46;
	objects = {

/* Begin PBXBuildFile section */
		E779659F1C1399C700A85A13 /* cook.c in Sources */ = {isa = PBXBuildFile; fileRef = E779659A1C1399C700A85A13 /* cook.c */; };
		E77965A11C1399C700A85A13 /* main.c in Sources */ = {isa = PBXBuildFile; fileRef = E779659E1C1399C700A85A13 /* main.c */; };
		E77965A61C139E0200A85A13 /* diner.c in Sources */ = {isa = PBXBuildFile; fileRef = E77965A41C139E0200A85A13 /* diner.c */; };
		E77965A81C13A03600A85A13 /* common.c in Sources */ = {isa = PBXBuildFile; fileRef = E77965A71C13A03600A85A13 /* common.c */; };
/* End PBXBuildFile section */

/* Begin PBXCopyFilesBuildPhase section */
		E75A016A1C1377CF00CBBCB4 /* CopyFiles */ = {
			isa = PBXCopyFilesBuildPhase;
			buildActionMask = 2147483647;
			dstPath = /usr/share/man/man1/;
			dstSubfolderSpec = 0;
			files = (
			);
			runOnlyForDeploymentPostprocessing = 1;
		};
/* End PBXCopyFilesBuildPhase section */

/* Begin PBXFileReference section */
		E75A016C1C1377CF00CBBCB4 /* Restaurant6431 */ = {isa = PBXFileReference; explicitFileType = "compiled.mach-o.executable"; includeInIndex = 0; path = Restaurant6431; sourceTree = BUILT_PRODUCTS_DIR; };
		E77965991C1399C700A85A13 /* common.h */ = {isa = PBXFileReference; fileEncoding = 4; lastKnownFileType = sourcecode.c.h; path = common.h; sourceTree = "<group>"; };
		E779659A1C1399C700A85A13 /* cook.c */ = {isa = PBXFileReference; fileEncoding = 4; lastKnownFileType = sourcecode.c.c; path = cook.c; sourceTree = "<group>"; };
		E779659B1C1399C700A85A13 /* cook.h */ = {isa = PBXFileReference; fileEncoding = 4; lastKnownFileType = sourcecode.c.h; path = cook.h; sourceTree = "<group>"; };
		E779659E1C1399C700A85A13 /* main.c */ = {isa = PBXFileReference; fileEncoding = 4; lastKnownFileType = sourcecode.c.c; path = main.c; sourceTree = "<group>"; };
		E77965A41C139E0200A85A13 /* diner.c */ = {isa = PBXFileReference; fileEncoding = 4; lastKnownFileType = sourcecode.c.c; path = diner.c; sourceTree = "<group>"; };
		E77965A51C139E0200A85A13 /* diner.h */ = {isa = PBXFileReference; fileEncoding = 4; lastKnownFileType = sourcecode.c.h; path = diner.h; sourceTree = "<group>"; };
		E77965A71C13A03600A85A13 /* common.c */ = {isa = PBXFileReference; fileEncoding = 4; lastKnownFileType = sourcecode.c.c; path = common.c; sourceTree = "<group>"; };
/* End PBXFileReference section */

/* Begin PBXFrameworksBuildPhase section */
		E75A01691C1377CF00CBBCB4 /* Frameworks */ = {
			isa = PBXFrameworksBuildPhase;
			buildActionMask = 2147483647;
			files = (
			);
			runOnlyForDeploymentPostprocessing = 0;
		};
/* End PBXFrameworksBuildPhase section */

/* Begin PBXGroup section */
		E75A01631C1377CF00CBBCB4 = {
			isa = PBXGroup;
			children = (
				E75A016E1C1377CF00CBBCB4 /* Restaurant6431 */,
				E75A016D1C1377CF00CBBCB4 /* Products */,
			);
			sourceTree = "<group>";
		};
		E75A016D1C1377CF00CBBCB4 /* Products */ = {
			isa = PBXGroup;
			children = (
				E75A016C1C1377CF00CBBCB4 /* Restaurant6431 */,
			);
			name = Products;
			sourceTree = "<group>";
		};
		E75A016E1C1377CF00CBBCB4 /* Restaurant6431 */ = {
			isa = PBXGroup;
			children = (
				E77965A41C139E0200A85A13 /* diner.c */,
				E77965A51C139E0200A85A13 /* diner.h */,
				E77965991C1399C700A85A13 /* common.h */,
				E77965A71C13A03600A85A13 /* common.c */,
				E779659A1C1399C700A85A13 /* cook.c */,
				E779659B1C1399C700A85A13 /* cook.h */,
				E779659E1C1399C700A85A13 /* main.c */,
			);
			path = Restaurant6431;
			sourceTree = "<group>";
		};
/* End PBXGroup section */

/* Begin PBXNativeTarget section */
		E75A016B1C1377CF00CBBCB4 /* Restaurant6431 */ = {
			isa = PBXNativeTarget;
			buildConfigurationList = E75A01731C1377CF00CBBCB4 /* Build configuration list for PBXNativeTarget "Restaurant6431" */;
			buildPhases = (
				E75A01681C1377CF00CBBCB4 /* Sources */,
				E75A01691C1377CF00CBBCB4 /* Frameworks */,
				E75A016A1C1377CF00CBBCB4 /* CopyFiles */,
			);
			buildRules = (
			);
			dependencies = (
			);
			name = Restaurant6431;
			productName = Restaurant6431;
			productReference = E75A016C1C1377CF00CBBCB4 /* Restaurant6431 */;
			productType = "com.apple.product-type.tool";
		};
/* End PBXNativeTarget section */

/* Begin PBXProject section */
		E75A01641C1377CF00CBBCB4 /* Project object */ = {
			isa = PBXProject;
			attributes = {
				LastUpgradeCheck = 0710;
				ORGANIZATIONNAME = "Xu Zhang";
				TargetAttributes = {
					E75A016B1C1377CF00CBBCB4 = {
						CreatedOnToolsVersion = 7.1.1;
					};
				};
			};
			buildConfigurationList = E75A01671C1377CF00CBBCB4 /* Build configuration list for PBXProject "Restaurant6431" */;
			compatibilityVersion = "Xcode 3.2";
			developmentRegion = English;
			hasScannedForEncodings = 0;
			knownRegions = (
				en,
			);
			mainGroup = E75A01631C1377CF00CBBCB4;
			productRefGroup = E75A016D1C1377CF00CBBCB4 /* Products */;
			projectDirPath = "";
			projectRoot = "";
			targets = (
				E75A016B1C1377CF00CBBCB4 /* Restaurant6431 */,
			);
		};
/* End PBXProject section */

/* Begin PBXSourcesBuildPhase section */
		E75A01681C1377CF00CBBCB4 /* Sources */ = {
			isa = PBXSourcesBuildPhase;
			buildActionMask = 2147483647;
			files = (
				E77965A61C139E0200A85A13 /* diner.c in Sources */,
				E779659F1C1399C700A85A13 /* cook.c in Sources */,
				E77965A81C13A03600A85A13 /* common.c in Sources */,
				E77965A11C1399C700A85A13 /* main.c in Sources */,
			);
			runOnlyForDeploymentPostprocessing = 0;
		};
/* End PBXSourcesBuildPhase section */

/* Begin XCBuildConfiguration section */
		E75A01711C1377CF00CBBCB4 /* Debug */ = {
			isa = XCBuildConfiguration;
			buildSettings = {
				ALWAYS_SEARCH_USER_PATHS = NO;
				CLANG_CXX_LANGUAGE_STANDARD = "gnu++0x";
				CLANG_CXX_LIBRARY = "libc++";
				CLANG_ENABLE_MODULES = YES;
				CLANG_ENABLE_OBJC_ARC = YES;
				CLANG_WARN_BOOL_CONVERSION = YES;
				CLANG_WARN_CONSTANT_CONVERSION = YES;
				CLANG_WARN_DIRECT_OBJC_ISA_USAGE = YES_ERROR;
				CLANG_WARN_EMPTY_BODY = YES;
				CLANG_WARN_ENUM_CONVERSION = YES;
				CLANG_WARN_INT_CONVERSION = YES;
				CLANG_WARN_OBJC_ROOT_CLASS = YES_ERROR;
				CLANG_WARN_UNREACHABLE_CODE = YES;
				CLANG_WARN__DUPLICATE_METHOD_MATCH = YES;
				CODE_SIGN_IDENTITY = "-";
				COPY_PHASE_STRIP = NO;
				DEBUG_INFORMATION_FORMAT = dwarf;
				ENABLE_STRICT_OBJC_MSGSEND = YES;
				ENABLE_TESTABILITY = YES;
				GCC_C_LANGUAGE_STANDARD = gnu99;
				GCC_DYNAMIC_NO_PIC = NO;
				GCC_NO_COMMON_BLOCKS = YES;
				GCC_OPTIMIZATION_LEVEL = 0;
				GCC_PREPROCESSOR_DEFINITIONS = (
					"DEBUG=1",
					"$(inherited)",
				);
				GCC_WARN_64_TO_32_BIT_CONVERSION = YES;
				GCC_WARN_ABOUT_RETURN_TYPE = YES_ERROR;
				GCC_WARN_UNDECLARED_SELECTOR = YES;
				GCC_WARN_UNINITIALIZED_AUTOS = YES_AGGRESSIVE;
				GCC_WARN_UNUSED_FUNCTION = YES;
				GCC_WARN_UNUSED_VARIABLE = YES;
				MACOSX_DEPLOYMENT_TARGET = 10.11;
				MTL_ENABLE_DEBUG_INFO = YES;
				ONLY_ACTIVE_ARCH = YES;
				SDKROOT = macosx;
			};
			name = Debug;
		};
		E75A01721C1377CF00CBBCB4 /* Release */ = {
			isa = XCBuildConfiguration;
			buildSettings = {
				ALWAYS_SEARCH_USER_PATHS = NO;
				CLANG_CXX_LANGUAGE_STANDARD = "gnu++0x";
				CLANG_CXX_LIBRARY = "libc++";
				CLANG_ENABLE_MODULES = YES;
				CLANG_ENABLE_OBJC_ARC = YES;
				CLANG_WARN_BOOL_CONVERSION = YES;
				CLANG_WARN_CONSTANT_CONVERSION = YES;
				CLANG_WARN_DIRECT_OBJC_ISA_USAGE = YES_ERROR;
				CLANG_WARN_EMPTY_BODY = YES;
				CLANG_WARN_ENUM_CONVERSION = YES;
				CLANG_WARN_INT_CONVERSION = YES;
				CLANG_WARN_OBJC_ROOT_CLASS = YES_ERROR;
				CLANG_WARN_UNREACHABLE_CODE = YES;
				CLANG_WARN__DUPLICATE_METHOD_MATCH = YES;
				CODE_SIGN_IDENTITY = "-";
				COPY_PHASE_STRIP = NO;
				DEBUG_INFORMATION_FORMAT = "dwarf-with-dsym";
				ENABLE_NS_ASSERTIONS = NO;
				ENABLE_STRICT_OBJC_MSGSEND = YES;
				GCC_C_LANGUAGE_STANDARD = gnu99;
				GCC_NO_COMMON_BLOCKS = YES;
				GCC_WARN_64_TO_32_BIT_CONVERSION = YES;
				GCC_WARN_ABOUT_RETURN_TYPE = YES_ERROR;
				GCC_WARN_UNDECLARED_SELECTOR = YES;
				GCC_WARN_UNINITIALIZED_AUTOS = YES_AGGRESSIVE;
				GCC_WARN_UNUSED_FUNCTION = YES;
				GCC_WARN_UNUSED_VARIABLE = YES;
				MACOSX_DEPLOYMENT_TARGET = 10.11;
				MTL_ENABLE_DEBUG_INFO = NO;
				SDKROOT = macosx;
			};
			name = Release;
		};
		E75A01741C1377CF00CBBCB4 /* Debug */ = {
			isa = XCBuildConfiguration;
			buildSettings = {
				PRODUCT_NAME = "$(TARGET_NAME)";
			};
			name = Debug;
		};
		E75A01751C1377CF00CBBCB4 /* Release */ = {
			isa = XCBuildConfiguration;
			buildSettings = {
				PRODUCT_NAME = "$(TARGET_NAME)";
			};
			name = Release;
		};
/* End XCBuildConfiguration section */

/* Begin XCConfigurationList section */
		E75A01671C1377CF00CBBCB4 /* Build configuration list for PBXProject "Restaurant6431" */ = {
			isa = XCConfigurationList;
			buildConfigurations = (
				E75A01711C1377CF00CBBCB4 /* Debug */,
				E75A01721C1377CF00CBBCB4 /* Release */,
			);
			defaultConfigurationIsVisible = 0;
			defaultConfigurationName = Release;
		};
		E75A01731C1377CF00CBBCB4 /* Build configuration list for PBXNativeTarget "Restaurant6431" */ = {
			isa = XCConfigurationList;
			buildConfigurations = (
				E75A01741C1377CF00CBBCB4 /* Debug */,
				E75A01751C1377CF00CBBCB4 /* Release */,
			);
			defaultConfigurationIsVisible = 0;
			defaultConfigurationName = Release;
		};
/* End XCConfigurationList section */
	};
	rootObject = E75A01641C1377CF00CBBCB4 /* Project object */;
}
